
Microsoft Visual Studio Solution File, Format Version 12.00
# Visual Studio Version 17
VisualStudioVersion = 17.11.35327.3
MinimumVisualStudioVersion = 10.0.40219.1
Project("{FAE04EC0-301F-11D3-BF4B-00C04F79EFBC}") = "GisConsumer.Net", "GisConsumer.Net.csproj", "{1123D58D-A5E5-4DD2-A3DA-FC1A690EE791}"
EndProject
Global
	GlobalSection(SolutionConfigurationPlatforms) = preSolution
		Debug|Any CPU = Debug|Any CPU
		Release|Any CPU = Release|Any CPU
	EndGlobalSection
	GlobalSection(ProjectConfigurationPlatforms) = postSolution
		{1123D58D-A5E5-4DD2-A3DA-FC1A690EE791}.Debug|Any CPU.ActiveCfg = Debug|Any CPU
		{1123D58D-A5E5-4DD2-A3DA-FC1A690EE791}.Debug|Any CPU.Build.0 = Debug|Any CPU
		{1123D58D-A5E5-4DD2-A3DA-FC1A690EE791}.Release|Any CPU.ActiveCfg = Release|Any CPU
		{1123D58D-A5E5-4DD2-A3DA-FC1A690EE791}.Release|Any CPU.Build.0 = Release|Any CPU
	EndGlobalSection
	GlobalSection(SolutionProperties) = preSolution
		HideSolutionNode = FALSE
	EndGlobalSection
	GlobalSection(ExtensibilityGlobals) = postSolution
		SolutionGuid = {6B3F1C7A-A8DF-4CC5-9098-0E1CE3DABC23}
	EndGlobalSection
EndGlobal
